Microsoft Visual Studio Solution File, Format Version 12.00
# Visual Studio Version 17
VisualStudioVersion = 17.5.2.0
MinimumVisualStudioVersion = 10.0.40219.1
Project("{FAE04EC0-301F-11D3-BF4B-00C04F79EFBC}") = "FilesApiBackend", "FilesApiBackend\FilesApiBackend.csproj", "{AC05B90A-712D-5E89-AE4D-4715E3F4CCAB}"
EndProject
Global
	GlobalSection(SolutionConfigurationPlatforms) = preSolution
		Debug|Any CPU = Debug|Any CPU
		Release|Any CPU = Release|Any CPU
	EndGlobalSection
	GlobalSection(ProjectConfigurationPlatforms) = postSolution
		{AC05B90A-712D-5E89-AE4D-4715E3F4CCAB}.Debug|Any CPU.ActiveCfg = Debug|Any CPU
		{AC05B90A-712D-5E89-AE4D-4715E3F4CCAB}.Debug|Any CPU.Build.0 = Debug|Any CPU
		{AC05B90A-712D-5E89-AE4D-4715E3F4CCAB}.Release|Any CPU.ActiveCfg = Release|Any CPU
		{AC05B90A-712D-5E89-AE4D-4715E3F4CCAB}.Release|Any CPU.Build.0 = Release|Any CPU
	EndGlobalSection
	GlobalSection(SolutionProperties) = preSolution
		HideSolutionNode = FALSE
	EndGlobalSection
	GlobalSection(ExtensibilityGlobals) = postSolution
		SolutionGuid = {A3E62737-F78C-4F16-B05D-E0FCFCA6E77B}
	EndGlobalSection
EndGlobal
